<?xml version="1.0" encoding="utf-8"?>
<Project ToolsVersion="4.0" xmlns="http://schemas.microsoft.com/developer/msbuild/2003">
  <ItemGroup>
    <Filter Include="源文件">
      <UniqueIdentifier>{4FC737F1-C7A5-4376-A066-2A32D752A2FF}</UniqueIdentifier>
      <Extensions>cpp;c;cc;cxx;def;odl;idl;hpj;bat;asm;asmx</Extensions>
    </Filter>
    <Filter Include="头文件">
      <UniqueIdentifier>{93995380-89BD-4b04-88EB-625FBE52EBFB}</UniqueIdentifier>
      <Extensions>h;hh;hpp;hxx;hm;inl;inc;xsd</Extensions>
    </Filter>
    <Filter Include="资源文件">
      <UniqueIdentifier>{67DA6AB6-F800-4c08-8B7A-83BB121AAD01}</UniqueIdentifier>
      <Extensions>rc;ico;cur;bmp;dlg;rc2;rct;bin;rgs;gif;jpg;jpeg;jpe;resx;tiff;tif;png;wav;mfcribbon-ms</Extensions>
    </Filter>
    <Filter Include="头文件\map">
      <UniqueIdentifier>{65e3becd-81a4-4efb-9f93-e8e14daca02d}</UniqueIdentifier>
    </Filter>
    <Filter Include="头文件\Dijkstra">
      <UniqueIdentifier>{11f442ca-85fa-463b-896a-44a5205dc38c}</UniqueIdentifier>
    </Filter>
    <Filter Include="源文件\Dijkstra">
      <UniqueIdentifier>{43f5c124-ad74-4b60-abce-bafab13ff79b}</UniqueIdentifier>
    </Filter>
  </ItemGroup>
  <ItemGroup>
    <Text Include="ReadMe.txt" />
  </ItemGroup>
  <ItemGroup>
    <ClInclude Include="agvScheduleServer.h">
      <Filter>头文件</Filter>
    </ClInclude>
    <ClInclude Include="stdafx.h">
      <Filter>头文件</Filter>
    </ClInclude>
    <ClInclude Include="targetver.h">
      <Filter>头文件</Filter>
    </ClInclude>
    <ClInclude Include="MainFrm.h">
      <Filter>头文件</Filter>
    </ClInclude>
    <ClInclude Include="agvScheduleServerDoc.h">
      <Filter>头文件</Filter>
    </ClInclude>
    <ClInclude Include="agvScheduleServerView.h">
      <Filter>头文件</Filter>
    </ClInclude>
    <ClInclude Include="Resource.h">
      <Filter>头文件</Filter>
    </ClInclude>
    <ClInclude Include="NetSocketDef.h">
      <Filter>头文件</Filter>
    </ClInclude>
    <ClInclude Include="MsgStruct.h">
      <Filter>头文件</Filter>
    </ClInclude>
    <ClInclude Include="ScheduleDlg.h">
      <Filter>头文件</Filter>
    </ClInclude>
    <ClInclude Include="repo3.h">
      <Filter>头文件\map</Filter>
    </ClInclude>
    <ClInclude Include="Graph.h">
      <Filter>头文件\Dijkstra</Filter>
    </ClInclude>
    <ClInclude Include="TableEntry.h">
      <Filter>头文件\Dijkstra</Filter>
    </ClInclude>
  </ItemGroup>
  <ItemGroup>
    <ClCompile Include="agvScheduleServer.cpp">
      <Filter>源文件</Filter>
    </ClCompile>
    <ClCompile Include="stdafx.cpp">
      <Filter>源文件</Filter>
    </ClCompile>
    <ClCompile Include="MainFrm.cpp">
      <Filter>源文件</Filter>
    </ClCompile>
    <ClCompile Include="agvScheduleServerDoc.cpp">
      <Filter>源文件</Filter>
    </ClCompile>
    <ClCompile Include="agvScheduleServerView.cpp">
      <Filter>源文件</Filter>
    </ClCompile>
    <ClCompile Include="NetSocketDef.cpp">
      <Filter>源文件</Filter>
    </ClCompile>
    <ClCompile Include="ScheduleDlg.cpp">
      <Filter>源文件</Filter>
    </ClCompile>
    <ClCompile Include="Graph.cpp">
      <Filter>源文件\Dijkstra</Filter>
    </ClCompile>
  </ItemGroup>
  <ItemGroup>
    <ResourceCompile Include="agvScheduleServer.rc">
      <Filter>资源文件</Filter>
    </ResourceCompile>
  </ItemGroup>
  <ItemGroup>
    <None Include="res\agvScheduleServer.rc2">
      <Filter>资源文件</Filter>
    </None>
  </ItemGroup>
  <ItemGroup>
    <Image Include="res\agvScheduleServerDoc.ico">
      <Filter>资源文件</Filter>
    </Image>
    <Image Include="res\agvScheduleServer.ico">
      <Filter>资源文件</Filter>
    </Image>
  </ItemGroup>
</Project>